// !$*UTF8*$!
{
	archiveVersion = 1;
	classes = {
	};
	objectVersion = 50;
	objects = {

/* Begin PBXBuildFile section */
		EF5FB6EF2B6A77A600A094FC /* TasksApp.swift in Sources */ = {isa = PBXBuildFile; fileRef = EF5FB6EE2B6A77A600A094FC /* TasksApp.swift */; };
		EF5FB6F12B6A77A600A094FC /* ContentView.swift in Sources */ = {isa = PBXBuildFile; fileRef = EF5FB6F02B6A77A600A094FC /* ContentView.swift */; };
		EF5FB6F32B6A77A700A094FC /* Assets.xcassets in Resources */ = {isa = PBXBuildFile; fileRef = EF5FB6F22B6A77A700A094FC /* Assets.xcassets */; };
		EF5FB6F62B6A77A700A094FC /* Preview Assets.xcassets in Resources */ = {isa = PBXBuildFile; fileRef = EF5FB6F52B6A77A700A094FC /* Preview Assets.xcassets */; };
		EF5FB6FF2B6A77CB00A094FC /* TaskStore.swift in Sources */ = {isa = PBXBuildFile; fileRef = EF5FB6FE2B6A77CB00A094FC /* TaskStore.swift */; };
		EF5FB7022B6A787700A094FC /* TaskCreateView.swift in Sources */ = {isa = PBXBuildFile; fileRef = EF5FB7012B6A787700A094FC /* TaskCreateView.swift */; };
		EF5FB72A2B6A8EE000A094FC /* Tasks.xcdatamodeld in Sources */ = {isa = PBXBuildFile; fileRef = EF5FB7282B6A8EE000A094FC /* Tasks.xcdatamodeld */; };
		EF5FB72F2B6A928200A094FC /* Task+CoreDataClass.swift in Sources */ = {isa = PBXBuildFile; fileRef = EF5FB72D2B6A928200A094FC /* Task+CoreDataClass.swift */; };
		EF5FB7302B6A928200A094FC /* Task+CoreDataProperties.swift in Sources */ = {isa = PBXBuildFile; fileRef = EF5FB72E2B6A928200A094FC /* Task+CoreDataProperties.swift */; };
/* End PBXBuildFile section */

/* Begin PBXFileReference section */
		EF5FB6EB2B6A77A600A094FC /* Tasks.app */ = {isa = PBXFileReference; explicitFileType = wrapper.application; includeInIndex = 0; path = Tasks.app; sourceTree = BUILT_PRODUCTS_DIR; };
		EF5FB6EE2B6A77A600A094FC /* TasksApp.swift */ = {isa = PBXFileReference; lastKnownFileType = sourcecode.swift; path = TasksApp.swift; sourceTree = "<group>"; };
		EF5FB6F02B6A77A600A094FC /* ContentView.swift */ = {isa = PBXFileReference; lastKnownFileType = sourcecode.swift; path = ContentView.swift; sourceTree = "<group>"; };
		EF5FB6F22B6A77A700A094FC /* Assets.xcassets */ = {isa = PBXFileReference; lastKnownFileType = folder.assetcatalog; path = Assets.xcassets; sourceTree = "<group>"; };
		EF5FB6F52B6A77A700A094FC /* Preview Assets.xcassets */ = {isa = PBXFileReference; lastKnownFileType = folder.assetcatalog; path = "Preview Assets.xcassets"; sourceTree = "<group>"; };
		EF5FB6F72B6A77A700A094FC /* Info.plist */ = {isa = PBXFileReference; lastKnownFileType = text.plist.xml; path = Info.plist; sourceTree = "<group>"; };
		EF5FB6FE2B6A77CB00A094FC /* TaskStore.swift */ = {isa = PBXFileReference; lastKnownFileType = sourcecode.swift; path = TaskStore.swift; sourceTree = "<group>"; };
		EF5FB7012B6A787700A094FC /* TaskCreateView.swift */ = {isa = PBXFileReference; lastKnownFileType = sourcecode.swift; path = TaskCreateView.swift; sourceTree = "<group>"; };
		EF5FB7292B6A8EE000A094FC /* Tasks.xcdatamodel */ = {isa = PBXFileReference; lastKnownFileType = wrapper.xcdatamodel; path = Tasks.xcdatamodel; sourceTree = "<group>"; };
		EF5FB72D2B6A928200A094FC /* Task+CoreDataClass.swift */ = {isa = PBXFileReference; lastKnownFileType = sourcecode.swift; path = "Task+CoreDataClass.swift"; sourceTree = "<group>"; };
		EF5FB72E2B6A928200A094FC /* Task+CoreDataProperties.swift */ = {isa = PBXFileReference; lastKnownFileType = sourcecode.swift; path = "Task+CoreDataProperties.swift"; sourceTree = "<group>"; };
/* End PBXFileReference section */

/* Begin PBXFrameworksBuildPhase section */
		EF5FB6E82B6A77A600A094FC /* Frameworks */ = {
			isa = PBXFrameworksBuildPhase;
			buildActionMask = 2147483647;
			files = (
			);
			runOnlyForDeploymentPostprocessing = 0;
		};
/* End PBXFrameworksBuildPhase section */

/* Begin PBXGroup section */
		EF5FB6E22B6A77A600A094FC = {
			isa = PBXGroup;
			children = (
				EF5FB6ED2B6A77A600A094FC /* Tasks */,
				EF5FB6EC2B6A77A600A094FC /* Products */,
			);
			sourceTree = "<group>";
		};
		EF5FB6EC2B6A77A600A094FC /* Products */ = {
			isa = PBXGroup;
			children = (
				EF5FB6EB2B6A77A600A094FC /* Tasks.app */,
			);
			name = Products;
			sourceTree = "<group>";
		};
		EF5FB6ED2B6A77A600A094FC /* Tasks */ = {
			isa = PBXGroup;
			children = (
				EF5FB7322B6A936100A094FC /* Model */,
				EF5FB7282B6A8EE000A094FC /* Tasks.xcdatamodeld */,
				EF5FB6EE2B6A77A600A094FC /* TasksApp.swift */,
				EF5FB7052B6A78C200A094FC /* ViewModel */,
				EF5FB7042B6A78B100A094FC /* Views */,
				EF5FB6F22B6A77A700A094FC /* Assets.xcassets */,
				EF5FB6F72B6A77A700A094FC /* Info.plist */,
				EF5FB6F42B6A77A700A094FC /* Preview Content */,
			);
			path = Tasks;
			sourceTree = "<group>";
		};
		EF5FB6F42B6A77A700A094FC /* Preview Content */ = {
			isa = PBXGroup;
			children = (
				EF5FB6F52B6A77A700A094FC /* Preview Assets.xcassets */,
			);
			path = "Preview Content";
			sourceTree = "<group>";
		};
		EF5FB7042B6A78B100A094FC /* Views */ = {
			isa = PBXGroup;
			children = (
				EF5FB6F02B6A77A600A094FC /* ContentView.swift */,
				EF5FB7012B6A787700A094FC /* TaskCreateView.swift */,
			);
			path = Views;
			sourceTree = "<group>";
		};
		EF5FB7052B6A78C200A094FC /* ViewModel */ = {
			isa = PBXGroup;
			children = (
				EF5FB6FE2B6A77CB00A094FC /* TaskStore.swift */,
			);
			path = ViewModel;
			sourceTree = "<group>";
		};
		EF5FB7322B6A936100A094FC /* Model */ = {
			isa = PBXGroup;
			children = (
				EF5FB72D2B6A928200A094FC /* Task+CoreDataClass.swift */,
				EF5FB72E2B6A928200A094FC /* Task+CoreDataProperties.swift */,
			);
			path = Model;
			sourceTree = "<group>";
		};
/* End PBXGroup section */

/* Begin PBXNativeTarget section */
		EF5FB6EA2B6A77A600A094FC /* Tasks */ = {
			isa = PBXNativeTarget;
			buildConfigurationList = EF5FB6FA2B6A77A700A094FC /* Build configuration list for PBXNativeTarget "Tasks" */;
			buildPhases = (
				EF5FB6E72B6A77A600A094FC /* Sources */,
				EF5FB6E82B6A77A600A094FC /* Frameworks */,
				EF5FB6E92B6A77A600A094FC /* Resources */,
			);
			buildRules = (
			);
			dependencies = (
			);
			name = Tasks;
			productName = Tasks;
			productReference = EF5FB6EB2B6A77A600A094FC /* Tasks.app */;
			productType = "com.apple.product-type.application";
		};
/* End PBXNativeTarget section */

/* Begin PBXProject section */
		EF5FB6E32B6A77A600A094FC /* Project object */ = {
			isa = PBXProject;
			attributes = {
				LastSwiftUpdateCheck = 1240;
				LastUpgradeCheck = 1240;
				TargetAttributes = {
					EF5FB6EA2B6A77A600A094FC = {
						CreatedOnToolsVersion = 12.4;
					};
				};
			};
			buildConfigurationList = EF5FB6E62B6A77A600A094FC /* Build configuration list for PBXProject "Tasks" */;
			compatibilityVersion = "Xcode 9.3";
			developmentRegion = en;
			hasScannedForEncodings = 0;
			knownRegions = (
				en,
				Base,
			);
			mainGroup = EF5FB6E22B6A77A600A094FC;
			productRefGroup = EF5FB6EC2B6A77A600A094FC /* Products */;
			projectDirPath = "";
			projectRoot = "";
			targets = (
				EF5FB6EA2B6A77A600A094FC /* Tasks */,
			);
		};
/* End PBXProject section */

/* Begin PBXResourcesBuildPhase section */
		EF5FB6E92B6A77A600A094FC /* Resources */ = {
			isa = PBXResourcesBuildPhase;
			buildActionMask = 2147483647;
			files = (
				EF5FB6F62B6A77A700A094FC /* Preview Assets.xcassets in Resources */,
				EF5FB6F32B6A77A700A094FC /* Assets.xcassets in Resources */,
			);
			runOnlyForDeploymentPostprocessing = 0;
		};
/* End PBXResourcesBuildPhase section */

/* Begin PBXSourcesBuildPhase section */
		EF5FB6E72B6A77A600A094FC /* Sources */ = {
			isa = PBXSourcesBuildPhase;
			buildActionMask = 2147483647;
			files = (
				EF5FB6F12B6A77A600A094FC /* ContentView.swift in Sources */,
				EF5FB7022B6A787700A094FC /* TaskCreateView.swift in Sources */,
				EF5FB72A2B6A8EE000A094FC /* Tasks.xcdatamodeld in Sources */,
				EF5FB6EF2B6A77A600A094FC /* TasksApp.swift in Sources */,
				EF5FB7302B6A928200A094FC /* Task+CoreDataProperties.swift in Sources */,
				EF5FB72F2B6A928200A094FC /* Task+CoreDataClass.swift in Sources */,
				EF5FB6FF2B6A77CB00A094FC /* TaskStore.swift in Sources */,
			);
			runOnlyForDeploymentPostprocessing = 0;
		};
/* End PBXSourcesBuildPhase section */

/* Begin XCBuildConfiguration section */
		EF5FB6F82B6A77A700A094FC /* Debug */ = {
			isa = XCBuildConfiguration;
			buildSettings = {
				ALWAYS_SEARCH_USER_PATHS = NO;
				CLANG_ANALYZER_NONNULL = YES;
				CLANG_ANALYZER_NUMBER_OBJECT_CONVERSION = YES_AGGRESSIVE;
				CLANG_CXX_LANGUAGE_STANDARD = "gnu++14";
				CLANG_CXX_LIBRARY = "libc++";
				CLANG_ENABLE_MODULES = YES;
				CLANG_ENABLE_OBJC_ARC = YES;
				CLANG_ENABLE_OBJC_WEAK = YES;
				CLANG_WARN_BLOCK_CAPTURE_AUTORELEASING = YES;
				CLANG_WARN_BOOL_CONVERSION = YES;
				CLANG_WARN_COMMA = YES;
				CLANG_WARN_CONSTANT_CONVERSION = YES;
				CLANG_WARN_DEPRECATED_OBJC_IMPLEMENTATIONS = YES;
				CLANG_WARN_DIRECT_OBJC_ISA_USAGE = YES_ERROR;
				CLANG_WARN_DOCUMENTATION_COMMENTS = YES;
				CLANG_WARN_EMPTY_BODY = YES;
				CLANG_WARN_ENUM_CONVERSION = YES;
				CLANG_WARN_INFINITE_RECURSION = YES;
				CLANG_WARN_INT_CONVERSION = YES;
				CLANG_WARN_NON_LITERAL_NULL_CONVERSION = YES;
				CLANG_WARN_OBJC_IMPLICIT_RETAIN_SELF = YES;
				CLANG_WARN_OBJC_LITERAL_CONVERSION = YES;
				CLANG_WARN_OBJC_ROOT_CLASS = YES_ERROR;
				CLANG_WARN_QUOTED_INCLUDE_IN_FRAMEWORK_HEADER = YES;
				CLANG_WARN_RANGE_LOOP_ANALYSIS = YES;
				CLANG_WARN_STRICT_PROTOTYPES = YES;
				CLANG_WARN_SUSPICIOUS_MOVE = YES;
				CLANG_WARN_UNGUARDED_AVAILABILITY = YES_AGGRESSIVE;
				CLANG_WARN_UNREACHABLE_CODE = YES;
				CLANG_WARN__DUPLICATE_METHOD_MATCH = YES;
				COPY_PHASE_STRIP = NO;
				DEBUG_INFORMATION_FORMAT = dwarf;
				ENABLE_STRICT_OBJC_MSGSEND = YES;
				ENABLE_TESTABILITY = YES;
				GCC_C_LANGUAGE_STANDARD = gnu11;
				GCC_DYNAMIC_NO_PIC = NO;
				GCC_NO_COMMON_BLOCKS = YES;
				GCC_OPTIMIZATION_LEVEL = 0;
				GCC_PREPROCESSOR_DEFINITIONS = (
					"DEBUG=1",
					"$(inherited)",
				);
				GCC_WARN_64_TO_32_BIT_CONVERSION = YES;
				GCC_WARN_ABOUT_RETURN_TYPE = YES_ERROR;
				GCC_WARN_UNDECLARED_SELECTOR = YES;
				GCC_WARN_UNINITIALIZED_AUTOS = YES_AGGRESSIVE;
				GCC_WARN_UNUSED_FUNCTION = YES;
				GCC_WARN_UNUSED_VARIABLE = YES;
				IPHONEOS_DEPLOYMENT_TARGET = 14.4;
				MTL_ENABLE_DEBUG_INFO = INCLUDE_SOURCE;
				MTL_FAST_MATH = YES;
				ONLY_ACTIVE_ARCH = YES;
				SDKROOT = iphoneos;
				SWIFT_ACTIVE_COMPILATION_CONDITIONS = DEBUG;
				SWIFT_OPTIMIZATION_LEVEL = "-Onone";
			};
			name = Debug;
		};
		EF5FB6F92B6A77A700A094FC /* Release */ = {
			isa = XCBuildConfiguration;
			buildSettings = {
				ALWAYS_SEARCH_USER_PATHS = NO;
				CLANG_ANALYZER_NONNULL = YES;
				CLANG_ANALYZER_NUMBER_OBJECT_CONVERSION = YES_AGGRESSIVE;
				CLANG_CXX_LANGUAGE_STANDARD = "gnu++14";
				CLANG_CXX_LIBRARY = "libc++";
				CLANG_ENABLE_MODULES = YES;
				CLANG_ENABLE_OBJC_ARC = YES;
				CLANG_ENABLE_OBJC_WEAK = YES;
				CLANG_WARN_BLOCK_CAPTURE_AUTORELEASING = YES;
				CLANG_WARN_BOOL_CONVERSION = YES;
				CLANG_WARN_COMMA = YES;
				CLANG_WARN_CONSTANT_CONVERSION = YES;
				CLANG_WARN_DEPRECATED_OBJC_IMPLEMENTATIONS = YES;
				CLANG_WARN_DIRECT_OBJC_ISA_USAGE = YES_ERROR;
				CLANG_WARN_DOCUMENTATION_COMMENTS = YES;
				CLANG_WARN_EMPTY_BODY = YES;
				CLANG_WARN_ENUM_CONVERSION = YES;
				CLANG_WARN_INFINITE_RECURSION = YES;
				CLANG_WARN_INT_CONVERSION = YES;
				CLANG_WARN_NON_LITERAL_NULL_CONVERSION = YES;
				CLANG_WARN_OBJC_IMPLICIT_RETAIN_SELF = YES;
				CLANG_WARN_OBJC_LITERAL_CONVERSION = YES;
				CLANG_WARN_OBJC_ROOT_CLASS = YES_ERROR;
				CLANG_WARN_QUOTED_INCLUDE_IN_FRAMEWORK_HEADER = YES;
				CLANG_WARN_RANGE_LOOP_ANALYSIS = YES;
				CLANG_WARN_STRICT_PROTOTYPES = YES;
				CLANG_WARN_SUSPICIOUS_MOVE = YES;
				CLANG_WARN_UNGUARDED_AVAILABILITY = YES_AGGRESSIVE;
				CLANG_WARN_UNREACHABLE_CODE = YES;
				CLANG_WARN__DUPLICATE_METHOD_MATCH = YES;
				COPY_PHASE_STRIP = NO;
				DEBUG_INFORMATION_FORMAT = "dwarf-with-dsym";
				ENABLE_NS_ASSERTIONS = NO;
				ENABLE_STRICT_OBJC_MSGSEND = YES;
				GCC_C_LANGUAGE_STANDARD = gnu11;
				GCC_NO_COMMON_BLOCKS = YES;
				GCC_WARN_64_TO_32_BIT_CONVERSION = YES;
				GCC_WARN_ABOUT_RETURN_TYPE = YES_ERROR;
				GCC_WARN_UNDECLARED_SELECTOR = YES;
				GCC_WARN_UNINITIALIZED_AUTOS = YES_AGGRESSIVE;
				GCC_WARN_UNUSED_FUNCTION = YES;
				GCC_WARN_UNUSED_VARIABLE = YES;
				IPHONEOS_DEPLOYMENT_TARGET = 14.4;
				MTL_ENABLE_DEBUG_INFO = NO;
				MTL_FAST_MATH = YES;
				SDKROOT = iphoneos;
				SWIFT_COMPILATION_MODE = wholemodule;
				SWIFT_OPTIMIZATION_LEVEL = "-O";
				VALIDATE_PRODUCT = YES;
			};
			name = Release;
		};
		EF5FB6FB2B6A77A700A094FC /* Debug */ = {
			isa = XCBuildConfiguration;
			buildSettings = {
				ASSETCATALOG_COMPILER_APPICON_NAME = AppIcon;
				ASSETCATALOG_COMPILER_GLOBAL_ACCENT_COLOR_NAME = AccentColor;
				CODE_SIGN_STYLE = Automatic;
				DEVELOPMENT_ASSET_PATHS = "\"Tasks/Preview Content\"";
				ENABLE_PREVIEWS = YES;
				INFOPLIST_FILE = Tasks/Info.plist;
				IPHONEOS_DEPLOYMENT_TARGET = 14.0;
				LD_RUNPATH_SEARCH_PATHS = (
					"$(inherited)",
					"@executable_path/Frameworks",
				);
				PRODUCT_BUNDLE_IDENTIFIER = lasalle.edu.icb0008.Tasks;
				PRODUCT_NAME = "$(TARGET_NAME)";
				SWIFT_VERSION = 5.0;
				TARGETED_DEVICE_FAMILY = "1,2";
			};
			name = Debug;
		};
		EF5FB6FC2B6A77A700A094FC /* Release */ = {
			isa = XCBuildConfiguration;
			buildSettings = {
				ASSETCATALOG_COMPILER_APPICON_NAME = AppIcon;
				ASSETCATALOG_COMPILER_GLOBAL_ACCENT_COLOR_NAME = AccentColor;
				CODE_SIGN_STYLE = Automatic;
				DEVELOPMENT_ASSET_PATHS = "\"Tasks/Preview Content\"";
				ENABLE_PREVIEWS = YES;
				INFOPLIST_FILE = Tasks/Info.plist;
				IPHONEOS_DEPLOYMENT_TARGET = 14.0;
				LD_RUNPATH_SEARCH_PATHS = (
					"$(inherited)",
					"@executable_path/Frameworks",
				);
				PRODUCT_BUNDLE_IDENTIFIER = lasalle.edu.icb0008.Tasks;
				PRODUCT_NAME = "$(TARGET_NAME)";
				SWIFT_VERSION = 5.0;
				TARGETED_DEVICE_FAMILY = "1,2";
			};
			name = Release;
		};
/* End XCBuildConfiguration section */

/* Begin XCConfigurationList section */
		EF5FB6E62B6A77A600A094FC /* Build configuration list for PBXProject "Tasks" */ = {
			isa = XCConfigurationList;
			buildConfigurations = (
				EF5FB6F82B6A77A700A094FC /* Debug */,
				EF5FB6F92B6A77A700A094FC /* Release */,
			);
			defaultConfigurationIsVisible = 0;
			defaultConfigurationName = Release;
		};
		EF5FB6FA2B6A77A700A094FC /* Build configuration list for PBXNativeTarget "Tasks" */ = {
			isa = XCConfigurationList;
			buildConfigurations = (
				EF5FB6FB2B6A77A700A094FC /* Debug */,
				EF5FB6FC2B6A77A700A094FC /* Release */,
			);
			defaultConfigurationIsVisible = 0;
			defaultConfigurationName = Release;
		};
/* End XCConfigurationList section */

/* Begin XCVersionGroup section */
		EF5FB7282B6A8EE000A094FC /* Tasks.xcdatamodeld */ = {
			isa = XCVersionGroup;
			children = (
				EF5FB7292B6A8EE000A094FC /* Tasks.xcdatamodel */,
			);
			currentVersion = EF5FB7292B6A8EE000A094FC /* Tasks.xcdatamodel */;
			path = Tasks.xcdatamodeld;
			sourceTree = "<group>";
			versionGroupType = wrapper.xcdatamodel;
		};
/* End XCVersionGroup section */
	};
	rootObject = EF5FB6E32B6A77A600A094FC /* Project object */;
}
