// !$*UTF8*$!
{
	archiveVersion = 1;
	classes = {
	};
	objectVersion = 56;
	objects = {

/* Begin PBXBuildFile section */
		FC6FC0632B98B30900CA6919 /* Gestures_OneApp.swift in Sources */ = {isa = PBXBuildFile; fileRef = FC6FC0622B98B30900CA6919 /* Gestures_OneApp.swift */; };
		FC6FC0652B98B30900CA6919 /* ContentView.swift in Sources */ = {isa = PBXBuildFile; fileRef = FC6FC0642B98B30900CA6919 /* ContentView.swift */; };
		FC6FC0672B98B30E00CA6919 /* Assets.xcassets in Resources */ = {isa = PBXBuildFile; fileRef = FC6FC0662B98B30E00CA6919 /* Assets.xcassets */; };
		FC6FC06A2B98B30E00CA6919 /* Preview Assets.xcassets in Resources */ = {isa = PBXBuildFile; fileRef = FC6FC0692B98B30E00CA6919 /* Preview Assets.xcassets */; };
		FC6FC0742B98B30F00CA6919 /* Gestures_OneTests.swift in Sources */ = {isa = PBXBuildFile; fileRef = FC6FC0732B98B30F00CA6919 /* Gestures_OneTests.swift */; };
		FC6FC07E2B98B30F00CA6919 /* Gestures_OneUITests.swift in Sources */ = {isa = PBXBuildFile; fileRef = FC6FC07D2B98B30F00CA6919 /* Gestures_OneUITests.swift */; };
		FC6FC0802B98B30F00CA6919 /* Gestures_OneUITestsLaunchTests.swift in Sources */ = {isa = PBXBuildFile; fileRef = FC6FC07F2B98B30F00CA6919 /* Gestures_OneUITestsLaunchTests.swift */; };
		FC6FC0912B98BCA000CA6919 /* TapView.swift in Sources */ = {isa = PBXBuildFile; fileRef = FC6FC0902B98BCA000CA6919 /* TapView.swift */; };
/* End PBXBuildFile section */

/* Begin PBXContainerItemProxy section */
		FC6FC0702B98B30F00CA6919 /* PBXContainerItemProxy */ = {
			isa = PBXContainerItemProxy;
			containerPortal = FC6FC0572B98B30900CA6919 /* Project object */;
			proxyType = 1;
			remoteGlobalIDString = FC6FC05E2B98B30900CA6919;
			remoteInfo = Gestures_One;
		};
		FC6FC07A2B98B30F00CA6919 /* PBXContainerItemProxy */ = {
			isa = PBXContainerItemProxy;
			containerPortal = FC6FC0572B98B30900CA6919 /* Project object */;
			proxyType = 1;
			remoteGlobalIDString = FC6FC05E2B98B30900CA6919;
			remoteInfo = Gestures_One;
		};
/* End PBXContainerItemProxy section */

/* Begin PBXFileReference section */
		FC6FC05F2B98B30900CA6919 /* Gestures_One.app */ = {isa = PBXFileReference; explicitFileType = wrapper.application; includeInIndex = 0; path = Gestures_One.app; sourceTree = BUILT_PRODUCTS_DIR; };
		FC6FC0622B98B30900CA6919 /* Gestures_OneApp.swift */ = {isa = PBXFileReference; lastKnownFileType = sourcecode.swift; path = Gestures_OneApp.swift; sourceTree = "<group>"; };
		FC6FC0642B98B30900CA6919 /* ContentView.swift */ = {isa = PBXFileReference; lastKnownFileType = sourcecode.swift; path = ContentView.swift; sourceTree = "<group>"; };
		FC6FC0662B98B30E00CA6919 /* Assets.xcassets */ = {isa = PBXFileReference; lastKnownFileType = folder.assetcatalog; path = Assets.xcassets; sourceTree = "<group>"; };
		FC6FC0692B98B30E00CA6919 /* Preview Assets.xcassets */ = {isa = PBXFileReference; lastKnownFileType = folder.assetcatalog; path = "Preview Assets.xcassets"; sourceTree = "<group>"; };
		FC6FC06F2B98B30F00CA6919 /* Gestures_OneTests.xctest */ = {isa = PBXFileReference; explicitFileType = wrapper.cfbundle; includeInIndex = 0; path = Gestures_OneTests.xctest; sourceTree = BUILT_PRODUCTS_DIR; };
		FC6FC0732B98B30F00CA6919 /* Gestures_OneTests.swift */ = {isa = PBXFileReference; lastKnownFileType = sourcecode.swift; path = Gestures_OneTests.swift; sourceTree = "<group>"; };
		FC6FC0792B98B30F00CA6919 /* Gestures_OneUITests.xctest */ = {isa = PBXFileReference; explicitFileType = wrapper.cfbundle; includeInIndex = 0; path = Gestures_OneUITests.xctest; sourceTree = BUILT_PRODUCTS_DIR; };
		FC6FC07D2B98B30F00CA6919 /* Gestures_OneUITests.swift */ = {isa = PBXFileReference; lastKnownFileType = sourcecode.swift; path = Gestures_OneUITests.swift; sourceTree = "<group>"; };
		FC6FC07F2B98B30F00CA6919 /* Gestures_OneUITestsLaunchTests.swift */ = {isa = PBXFileReference; lastKnownFileType = sourcecode.swift; path = Gestures_OneUITestsLaunchTests.swift; sourceTree = "<group>"; };
		FC6FC0902B98BCA000CA6919 /* TapView.swift */ = {isa = PBXFileReference; lastKnownFileType = sourcecode.swift; path = TapView.swift; sourceTree = "<group>"; };
/* End PBXFileReference section */

/* Begin PBXFrameworksBuildPhase section */
		FC6FC05C2B98B30900CA6919 /* Frameworks */ = {
			isa = PBXFrameworksBuildPhase;
			buildActionMask = 2147483647;
			files = (
			);
			runOnlyForDeploymentPostprocessing = 0;
		};
		FC6FC06C2B98B30F00CA6919 /* Frameworks */ = {
			isa = PBXFrameworksBuildPhase;
			buildActionMask = 2147483647;
			files = (
			);
			runOnlyForDeploymentPostprocessing = 0;
		};
		FC6FC0762B98B30F00CA6919 /* Frameworks */ = {
			isa = PBXFrameworksBuildPhase;
			buildActionMask = 2147483647;
			files = (
			);
			runOnlyForDeploymentPostprocessing = 0;
		};
/* End PBXFrameworksBuildPhase section */

/* Begin PBXGroup section */
		FC6FC0562B98B30900CA6919 = {
			isa = PBXGroup;
			children = (
				FC6FC0612B98B30900CA6919 /* Gestures_One */,
				FC6FC0722B98B30F00CA6919 /* Gestures_OneTests */,
				FC6FC07C2B98B30F00CA6919 /* Gestures_OneUITests */,
				FC6FC0602B98B30900CA6919 /* Products */,
			);
			sourceTree = "<group>";
		};
		FC6FC0602B98B30900CA6919 /* Products */ = {
			isa = PBXGroup;
			children = (
				FC6FC05F2B98B30900CA6919 /* Gestures_One.app */,
				FC6FC06F2B98B30F00CA6919 /* Gestures_OneTests.xctest */,
				FC6FC0792B98B30F00CA6919 /* Gestures_OneUITests.xctest */,
			);
			name = Products;
			sourceTree = "<group>";
		};
		FC6FC0612B98B30900CA6919 /* Gestures_One */ = {
			isa = PBXGroup;
			children = (
				FC6FC08F2B98BC3600CA6919 /* ViewModel */,
				FC6FC08E2B98BC2900CA6919 /* Model */,
				FC6FC08C2B98BBDA00CA6919 /* Views */,
				FC6FC0622B98B30900CA6919 /* Gestures_OneApp.swift */,
				FC6FC0642B98B30900CA6919 /* ContentView.swift */,
				FC6FC0662B98B30E00CA6919 /* Assets.xcassets */,
				FC6FC0682B98B30E00CA6919 /* Preview Content */,
			);
			path = Gestures_One;
			sourceTree = "<group>";
		};
		FC6FC0682B98B30E00CA6919 /* Preview Content */ = {
			isa = PBXGroup;
			children = (
				FC6FC0692B98B30E00CA6919 /* Preview Assets.xcassets */,
			);
			path = "Preview Content";
			sourceTree = "<group>";
		};
		FC6FC0722B98B30F00CA6919 /* Gestures_OneTests */ = {
			isa = PBXGroup;
			children = (
				FC6FC0732B98B30F00CA6919 /* Gestures_OneTests.swift */,
			);
			path = Gestures_OneTests;
			sourceTree = "<group>";
		};
		FC6FC07C2B98B30F00CA6919 /* Gestures_OneUITests */ = {
			isa = PBXGroup;
			children = (
				FC6FC07D2B98B30F00CA6919 /* Gestures_OneUITests.swift */,
				FC6FC07F2B98B30F00CA6919 /* Gestures_OneUITestsLaunchTests.swift */,
			);
			path = Gestures_OneUITests;
			sourceTree = "<group>";
		};
		FC6FC08C2B98BBDA00CA6919 /* Views */ = {
			isa = PBXGroup;
			children = (
				FC6FC0902B98BCA000CA6919 /* TapView.swift */,
			);
			path = Views;
			sourceTree = "<group>";
		};
		FC6FC08E2B98BC2900CA6919 /* Model */ = {
			isa = PBXGroup;
			children = (
			);
			path = Model;
			sourceTree = "<group>";
		};
		FC6FC08F2B98BC3600CA6919 /* ViewModel */ = {
			isa = PBXGroup;
			children = (
			);
			path = ViewModel;
			sourceTree = "<group>";
		};
/* End PBXGroup section */

/* Begin PBXNativeTarget section */
		FC6FC05E2B98B30900CA6919 /* Gestures_One */ = {
			isa = PBXNativeTarget;
			buildConfigurationList = FC6FC0832B98B30F00CA6919 /* Build configuration list for PBXNativeTarget "Gestures_One" */;
			buildPhases = (
				FC6FC05B2B98B30900CA6919 /* Sources */,
				FC6FC05C2B98B30900CA6919 /* Frameworks */,
				FC6FC05D2B98B30900CA6919 /* Resources */,
			);
			buildRules = (
			);
			dependencies = (
			);
			name = Gestures_One;
			productName = Gestures_One;
			productReference = FC6FC05F2B98B30900CA6919 /* Gestures_One.app */;
			productType = "com.apple.product-type.application";
		};
		FC6FC06E2B98B30F00CA6919 /* Gestures_OneTests */ = {
			isa = PBXNativeTarget;
			buildConfigurationList = FC6FC0862B98B30F00CA6919 /* Build configuration list for PBXNativeTarget "Gestures_OneTests" */;
			buildPhases = (
				FC6FC06B2B98B30F00CA6919 /* Sources */,
				FC6FC06C2B98B30F00CA6919 /* Frameworks */,
				FC6FC06D2B98B30F00CA6919 /* Resources */,
			);
			buildRules = (
			);
			dependencies = (
				FC6FC0712B98B30F00CA6919 /* PBXTargetDependency */,
			);
			name = Gestures_OneTests;
			productName = Gestures_OneTests;
			productReference = FC6FC06F2B98B30F00CA6919 /* Gestures_OneTests.xctest */;
			productType = "com.apple.product-type.bundle.unit-test";
		};
		FC6FC0782B98B30F00CA6919 /* Gestures_OneUITests */ = {
			isa = PBXNativeTarget;
			buildConfigurationList = FC6FC0892B98B30F00CA6919 /* Build configuration list for PBXNativeTarget "Gestures_OneUITests" */;
			buildPhases = (
				FC6FC0752B98B30F00CA6919 /* Sources */,
				FC6FC0762B98B30F00CA6919 /* Frameworks */,
				FC6FC0772B98B30F00CA6919 /* Resources */,
			);
			buildRules = (
			);
			dependencies = (
				FC6FC07B2B98B30F00CA6919 /* PBXTargetDependency */,
			);
			name = Gestures_OneUITests;
			productName = Gestures_OneUITests;
			productReference = FC6FC0792B98B30F00CA6919 /* Gestures_OneUITests.xctest */;
			productType = "com.apple.product-type.bundle.ui-testing";
		};
/* End PBXNativeTarget section */

/* Begin PBXProject section */
		FC6FC0572B98B30900CA6919 /* Project object */ = {
			isa = PBXProject;
			attributes = {
				BuildIndependentTargetsInParallel = 1;
				LastSwiftUpdateCheck = 1520;
				LastUpgradeCheck = 1520;
				TargetAttributes = {
					FC6FC05E2B98B30900CA6919 = {
						CreatedOnToolsVersion = 15.2;
					};
					FC6FC06E2B98B30F00CA6919 = {
						CreatedOnToolsVersion = 15.2;
						TestTargetID = FC6FC05E2B98B30900CA6919;
					};
					FC6FC0782B98B30F00CA6919 = {
						CreatedOnToolsVersion = 15.2;
						TestTargetID = FC6FC05E2B98B30900CA6919;
					};
				};
			};
			buildConfigurationList = FC6FC05A2B98B30900CA6919 /* Build configuration list for PBXProject "Gestures_One" */;
			compatibilityVersion = "Xcode 14.0";
			developmentRegion = en;
			hasScannedForEncodings = 0;
			knownRegions = (
				en,
				Base,
			);
			mainGroup = FC6FC0562B98B30900CA6919;
			productRefGroup = FC6FC0602B98B30900CA6919 /* Products */;
			projectDirPath = "";
			projectRoot = "";
			targets = (
				FC6FC05E2B98B30900CA6919 /* Gestures_One */,
				FC6FC06E2B98B30F00CA6919 /* Gestures_OneTests */,
				FC6FC0782B98B30F00CA6919 /* Gestures_OneUITests */,
			);
		};
/* End PBXProject section */

/* Begin PBXResourcesBuildPhase section */
		FC6FC05D2B98B30900CA6919 /* Resources */ = {
			isa = PBXResourcesBuildPhase;
			buildActionMask = 2147483647;
			files = (
				FC6FC06A2B98B30E00CA6919 /* Preview Assets.xcassets in Resources */,
				FC6FC0672B98B30E00CA6919 /* Assets.xcassets in Resources */,
			);
			runOnlyForDeploymentPostprocessing = 0;
		};
		FC6FC06D2B98B30F00CA6919 /* Resources */ = {
			isa = PBXResourcesBuildPhase;
			buildActionMask = 2147483647;
			files = (
			);
			runOnlyForDeploymentPostprocessing = 0;
		};
		FC6FC0772B98B30F00CA6919 /* Resources */ = {
			isa = PBXResourcesBuildPhase;
			buildActionMask = 2147483647;
			files = (
			);
			runOnlyForDeploymentPostprocessing = 0;
		};
/* End PBXResourcesBuildPhase section */

/* Begin PBXSourcesBuildPhase section */
		FC6FC05B2B98B30900CA6919 /* Sources */ = {
			isa = PBXSourcesBuildPhase;
			buildActionMask = 2147483647;
			files = (
				FC6FC0652B98B30900CA6919 /* ContentView.swift in Sources */,
				FC6FC0632B98B30900CA6919 /* Gestures_OneApp.swift in Sources */,
				FC6FC0912B98BCA000CA6919 /* TapView.swift in Sources */,
			);
			runOnlyForDeploymentPostprocessing = 0;
		};
		FC6FC06B2B98B30F00CA6919 /* Sources */ = {
			isa = PBXSourcesBuildPhase;
			buildActionMask = 2147483647;
			files = (
				FC6FC0742B98B30F00CA6919 /* Gestures_OneTests.swift in Sources */,
			);
			runOnlyForDeploymentPostprocessing = 0;
		};
		FC6FC0752B98B30F00CA6919 /* Sources */ = {
			isa = PBXSourcesBuildPhase;
			buildActionMask = 2147483647;
			files = (
				FC6FC07E2B98B30F00CA6919 /* Gestures_OneUITests.swift in Sources */,
				FC6FC0802B98B30F00CA6919 /* Gestures_OneUITestsLaunchTests.swift in Sources */,
			);
			runOnlyForDeploymentPostprocessing = 0;
		};
/* End PBXSourcesBuildPhase section */

/* Begin PBXTargetDependency section */
		FC6FC0712B98B30F00CA6919 /* PBXTargetDependency */ = {
			isa = PBXTargetDependency;
			target = FC6FC05E2B98B30900CA6919 /* Gestures_One */;
			targetProxy = FC6FC0702B98B30F00CA6919 /* PBXContainerItemProxy */;
		};
		FC6FC07B2B98B30F00CA6919 /* PBXTargetDependency */ = {
			isa = PBXTargetDependency;
			target = FC6FC05E2B98B30900CA6919 /* Gestures_One */;
			targetProxy = FC6FC07A2B98B30F00CA6919 /* PBXContainerItemProxy */;
		};
/* End PBXTargetDependency section */

/* Begin XCBuildConfiguration section */
		FC6FC0812B98B30F00CA6919 /* Debug */ = {
			isa = XCBuildConfiguration;
			buildSettings = {
				ALWAYS_SEARCH_USER_PATHS = NO;
				ASSETCATALOG_COMPILER_GENERATE_SWIFT_ASSET_SYMBOL_EXTENSIONS = YES;
				CLANG_ANALYZER_NONNULL = YES;
				CLANG_ANALYZER_NUMBER_OBJECT_CONVERSION = YES_AGGRESSIVE;
				CLANG_CXX_LANGUAGE_STANDARD = "gnu++20";
				CLANG_ENABLE_MODULES = YES;
				CLANG_ENABLE_OBJC_ARC = YES;
				CLANG_ENABLE_OBJC_WEAK = YES;
				CLANG_WARN_BLOCK_CAPTURE_AUTORELEASING = YES;
				CLANG_WARN_BOOL_CONVERSION = YES;
				CLANG_WARN_COMMA = YES;
				CLANG_WARN_CONSTANT_CONVERSION = YES;
				CLANG_WARN_DEPRECATED_OBJC_IMPLEMENTATIONS = YES;
				CLANG_WARN_DIRECT_OBJC_ISA_USAGE = YES_ERROR;
				CLANG_WARN_DOCUMENTATION_COMMENTS = YES;
				CLANG_WARN_EMPTY_BODY = YES;
				CLANG_WARN_ENUM_CONVERSION = YES;
				CLANG_WARN_INFINITE_RECURSION = YES;
				CLANG_WARN_INT_CONVERSION = YES;
				CLANG_WARN_NON_LITERAL_NULL_CONVERSION = YES;
				CLANG_WARN_OBJC_IMPLICIT_RETAIN_SELF = YES;
				CLANG_WARN_OBJC_LITERAL_CONVERSION = YES;
				CLANG_WARN_OBJC_ROOT_CLASS = YES_ERROR;
				CLANG_WARN_QUOTED_INCLUDE_IN_FRAMEWORK_HEADER = YES;
				CLANG_WARN_RANGE_LOOP_ANALYSIS = YES;
				CLANG_WARN_STRICT_PROTOTYPES = YES;
				CLANG_WARN_SUSPICIOUS_MOVE = YES;
				CLANG_WARN_UNGUARDED_AVAILABILITY = YES_AGGRESSIVE;
				CLANG_WARN_UNREACHABLE_CODE = YES;
				CLANG_WARN__DUPLICATE_METHOD_MATCH = YES;
				COPY_PHASE_STRIP = NO;
				DEBUG_INFORMATION_FORMAT = dwarf;
				ENABLE_STRICT_OBJC_MSGSEND = YES;
				ENABLE_TESTABILITY = YES;
				ENABLE_USER_SCRIPT_SANDBOXING = YES;
				GCC_C_LANGUAGE_STANDARD = gnu17;
				GCC_DYNAMIC_NO_PIC = NO;
				GCC_NO_COMMON_BLOCKS = YES;
				GCC_OPTIMIZATION_LEVEL = 0;
				GCC_PREPROCESSOR_DEFINITIONS = (
					"DEBUG=1",
					"$(inherited)",
				);
				GCC_WARN_64_TO_32_BIT_CONVERSION = YES;
				GCC_WARN_ABOUT_RETURN_TYPE = YES_ERROR;
				GCC_WARN_UNDECLARED_SELECTOR = YES;
				GCC_WARN_UNINITIALIZED_AUTOS = YES_AGGRESSIVE;
				GCC_WARN_UNUSED_FUNCTION = YES;
				GCC_WARN_UNUSED_VARIABLE = YES;
				IPHONEOS_DEPLOYMENT_TARGET = 17.2;
				LOCALIZATION_PREFERS_STRING_CATALOGS = YES;
				MTL_ENABLE_DEBUG_INFO = INCLUDE_SOURCE;
				MTL_FAST_MATH = YES;
				ONLY_ACTIVE_ARCH = YES;
				SDKROOT = iphoneos;
				SWIFT_ACTIVE_COMPILATION_CONDITIONS = "DEBUG $(inherited)";
				SWIFT_OPTIMIZATION_LEVEL = "-Onone";
			};
			name = Debug;
		};
		FC6FC0822B98B30F00CA6919 /* Release */ = {
			isa = XCBuildConfiguration;
			buildSettings = {
				ALWAYS_SEARCH_USER_PATHS = NO;
				ASSETCATALOG_COMPILER_GENERATE_SWIFT_ASSET_SYMBOL_EXTENSIONS = YES;
				CLANG_ANALYZER_NONNULL = YES;
				CLANG_ANALYZER_NUMBER_OBJECT_CONVERSION = YES_AGGRESSIVE;
				CLANG_CXX_LANGUAGE_STANDARD = "gnu++20";
				CLANG_ENABLE_MODULES = YES;
				CLANG_ENABLE_OBJC_ARC = YES;
				CLANG_ENABLE_OBJC_WEAK = YES;
				CLANG_WARN_BLOCK_CAPTURE_AUTORELEASING = YES;
				CLANG_WARN_BOOL_CONVERSION = YES;
				CLANG_WARN_COMMA = YES;
				CLANG_WARN_CONSTANT_CONVERSION = YES;
				CLANG_WARN_DEPRECATED_OBJC_IMPLEMENTATIONS = YES;
				CLANG_WARN_DIRECT_OBJC_ISA_USAGE = YES_ERROR;
				CLANG_WARN_DOCUMENTATION_COMMENTS = YES;
				CLANG_WARN_EMPTY_BODY = YES;
				CLANG_WARN_ENUM_CONVERSION = YES;
				CLANG_WARN_INFINITE_RECURSION = YES;
				CLANG_WARN_INT_CONVERSION = YES;
				CLANG_WARN_NON_LITERAL_NULL_CONVERSION = YES;
				CLANG_WARN_OBJC_IMPLICIT_RETAIN_SELF = YES;
				CLANG_WARN_OBJC_LITERAL_CONVERSION = YES;
				CLANG_WARN_OBJC_ROOT_CLASS = YES_ERROR;
				CLANG_WARN_QUOTED_INCLUDE_IN_FRAMEWORK_HEADER = YES;
				CLANG_WARN_RANGE_LOOP_ANALYSIS = YES;
				CLANG_WARN_STRICT_PROTOTYPES = YES;
				CLANG_WARN_SUSPICIOUS_MOVE = YES;
				CLANG_WARN_UNGUARDED_AVAILABILITY = YES_AGGRESSIVE;
				CLANG_WARN_UNREACHABLE_CODE = YES;
				CLANG_WARN__DUPLICATE_METHOD_MATCH = YES;
				COPY_PHASE_STRIP = NO;
				DEBUG_INFORMATION_FORMAT = "dwarf-with-dsym";
				ENABLE_NS_ASSERTIONS = NO;
				ENABLE_STRICT_OBJC_MSGSEND = YES;
				ENABLE_USER_SCRIPT_SANDBOXING = YES;
				GCC_C_LANGUAGE_STANDARD = gnu17;
				GCC_NO_COMMON_BLOCKS = YES;
				GCC_WARN_64_TO_32_BIT_CONVERSION = YES;
				GCC_WARN_ABOUT_RETURN_TYPE = YES_ERROR;
				GCC_WARN_UNDECLARED_SELECTOR = YES;
				GCC_WARN_UNINITIALIZED_AUTOS = YES_AGGRESSIVE;
				GCC_WARN_UNUSED_FUNCTION = YES;
				GCC_WARN_UNUSED_VARIABLE = YES;
				IPHONEOS_DEPLOYMENT_TARGET = 17.2;
				LOCALIZATION_PREFERS_STRING_CATALOGS = YES;
				MTL_ENABLE_DEBUG_INFO = NO;
				MTL_FAST_MATH = YES;
				SDKROOT = iphoneos;
				SWIFT_COMPILATION_MODE = wholemodule;
				VALIDATE_PRODUCT = YES;
			};
			name = Release;
		};
		FC6FC0842B98B30F00CA6919 /* Debug */ = {
			isa = XCBuildConfiguration;
			buildSettings = {
				ASSETCATALOG_COMPILER_APPICON_NAME = AppIcon;
				ASSETCATALOG_COMPILER_GLOBAL_ACCENT_COLOR_NAME = AccentColor;
				CODE_SIGN_STYLE = Automatic;
				CURRENT_PROJECT_VERSION = 1;
				DEVELOPMENT_ASSET_PATHS = "\"Gestures_One/Preview Content\"";
				ENABLE_PREVIEWS = YES;
				GENERATE_INFOPLIST_FILE = YES;
				INFOPLIST_KEY_UIApplicationSceneManifest_Generation = YES;
				INFOPLIST_KEY_UIApplicationSupportsIndirectInputEvents = YES;
				INFOPLIST_KEY_UILaunchScreen_Generation = YES;
				INFOPLIST_KEY_UISupportedInterfaceOrientations_iPad = "UIInterfaceOrientationPortrait UIInterfaceOrientationPortraitUpsideDown UIInterfaceOrientationLandscapeLeft UIInterfaceOrientationLandscapeRight";
				INFOPLIST_KEY_UISupportedInterfaceOrientations_iPhone = "UIInterfaceOrientationPortrait UIInterfaceOrientationLandscapeLeft UIInterfaceOrientationLandscapeRight";
				LD_RUNPATH_SEARCH_PATHS = (
					"$(inherited)",
					"@executable_path/Frameworks",
				);
				MARKETING_VERSION = 1.0;
				PRODUCT_BUNDLE_IDENTIFIER = "FirstExerciseUf2.Gestures-One";
				PRODUCT_NAME = "$(TARGET_NAME)";
				SWIFT_EMIT_LOC_STRINGS = YES;
				SWIFT_VERSION = 5.0;
				TARGETED_DEVICE_FAMILY = "1,2";
			};
			name = Debug;
		};
		FC6FC0852B98B30F00CA6919 /* Release */ = {
			isa = XCBuildConfiguration;
			buildSettings = {
				ASSETCATALOG_COMPILER_APPICON_NAME = AppIcon;
				ASSETCATALOG_COMPILER_GLOBAL_ACCENT_COLOR_NAME = AccentColor;
				CODE_SIGN_STYLE = Automatic;
				CURRENT_PROJECT_VERSION = 1;
				DEVELOPMENT_ASSET_PATHS = "\"Gestures_One/Preview Content\"";
				ENABLE_PREVIEWS = YES;
				GENERATE_INFOPLIST_FILE = YES;
				INFOPLIST_KEY_UIApplicationSceneManifest_Generation = YES;
				INFOPLIST_KEY_UIApplicationSupportsIndirectInputEvents = YES;
				INFOPLIST_KEY_UILaunchScreen_Generation = YES;
				INFOPLIST_KEY_UISupportedInterfaceOrientations_iPad = "UIInterfaceOrientationPortrait UIInterfaceOrientationPortraitUpsideDown UIInterfaceOrientationLandscapeLeft UIInterfaceOrientationLandscapeRight";
				INFOPLIST_KEY_UISupportedInterfaceOrientations_iPhone = "UIInterfaceOrientationPortrait UIInterfaceOrientationLandscapeLeft UIInterfaceOrientationLandscapeRight";
				LD_RUNPATH_SEARCH_PATHS = (
					"$(inherited)",
					"@executable_path/Frameworks",
				);
				MARKETING_VERSION = 1.0;
				PRODUCT_BUNDLE_IDENTIFIER = "FirstExerciseUf2.Gestures-One";
				PRODUCT_NAME = "$(TARGET_NAME)";
				SWIFT_EMIT_LOC_STRINGS = YES;
				SWIFT_VERSION = 5.0;
				TARGETED_DEVICE_FAMILY = "1,2";
			};
			name = Release;
		};
		FC6FC0872B98B30F00CA6919 /* Debug */ = {
			isa = XCBuildConfiguration;
			buildSettings = {
				ALWAYS_EMBED_SWIFT_STANDARD_LIBRARIES = YES;
				BUNDLE_LOADER = "$(TEST_HOST)";
				CODE_SIGN_STYLE = Automatic;
				CURRENT_PROJECT_VERSION = 1;
				GENERATE_INFOPLIST_FILE = YES;
				IPHONEOS_DEPLOYMENT_TARGET = 17.2;
				MARKETING_VERSION = 1.0;
				PRODUCT_BUNDLE_IDENTIFIER = "FirstExerciseUf2.Gestures-OneTests";
				PRODUCT_NAME = "$(TARGET_NAME)";
				SWIFT_EMIT_LOC_STRINGS = NO;
				SWIFT_VERSION = 5.0;
				TARGETED_DEVICE_FAMILY = "1,2";
				TEST_HOST = "$(BUILT_PRODUCTS_DIR)/Gestures_One.app/$(BUNDLE_EXECUTABLE_FOLDER_PATH)/Gestures_One";
			};
			name = Debug;
		};
		FC6FC0882B98B30F00CA6919 /* Release */ = {
			isa = XCBuildConfiguration;
			buildSettings = {
				ALWAYS_EMBED_SWIFT_STANDARD_LIBRARIES = YES;
				BUNDLE_LOADER = "$(TEST_HOST)";
				CODE_SIGN_STYLE = Automatic;
				CURRENT_PROJECT_VERSION = 1;
				GENERATE_INFOPLIST_FILE = YES;
				IPHONEOS_DEPLOYMENT_TARGET = 17.2;
				MARKETING_VERSION = 1.0;
				PRODUCT_BUNDLE_IDENTIFIER = "FirstExerciseUf2.Gestures-OneTests";
				PRODUCT_NAME = "$(TARGET_NAME)";
				SWIFT_EMIT_LOC_STRINGS = NO;
				SWIFT_VERSION = 5.0;
				TARGETED_DEVICE_FAMILY = "1,2";
				TEST_HOST = "$(BUILT_PRODUCTS_DIR)/Gestures_One.app/$(BUNDLE_EXECUTABLE_FOLDER_PATH)/Gestures_One";
			};
			name = Release;
		};
		FC6FC08A2B98B30F00CA6919 /* Debug */ = {
			isa = XCBuildConfiguration;
			buildSettings = {
				ALWAYS_EMBED_SWIFT_STANDARD_LIBRARIES = YES;
				CODE_SIGN_STYLE = Automatic;
				CURRENT_PROJECT_VERSION = 1;
				GENERATE_INFOPLIST_FILE = YES;
				MARKETING_VERSION = 1.0;
				PRODUCT_BUNDLE_IDENTIFIER = "FirstExerciseUf2.Gestures-OneUITests";
				PRODUCT_NAME = "$(TARGET_NAME)";
				SWIFT_EMIT_LOC_STRINGS = NO;
				SWIFT_VERSION = 5.0;
				TARGETED_DEVICE_FAMILY = "1,2";
				TEST_TARGET_NAME = Gestures_One;
			};
			name = Debug;
		};
		FC6FC08B2B98B30F00CA6919 /* Release */ = {
			isa = XCBuildConfiguration;
			buildSettings = {
				ALWAYS_EMBED_SWIFT_STANDARD_LIBRARIES = YES;
				CODE_SIGN_STYLE = Automatic;
				CURRENT_PROJECT_VERSION = 1;
				GENERATE_INFOPLIST_FILE = YES;
				MARKETING_VERSION = 1.0;
				PRODUCT_BUNDLE_IDENTIFIER = "FirstExerciseUf2.Gestures-OneUITests";
				PRODUCT_NAME = "$(TARGET_NAME)";
				SWIFT_EMIT_LOC_STRINGS = NO;
				SWIFT_VERSION = 5.0;
				TARGETED_DEVICE_FAMILY = "1,2";
				TEST_TARGET_NAME = Gestures_One;
			};
			name = Release;
		};
/* End XCBuildConfiguration section */

/* Begin XCConfigurationList section */
		FC6FC05A2B98B30900CA6919 /* Build configuration list for PBXProject "Gestures_One" */ = {
			isa = XCConfigurationList;
			buildConfigurations = (
				FC6FC0812B98B30F00CA6919 /* Debug */,
				FC6FC0822B98B30F00CA6919 /* Release */,
			);
			defaultConfigurationIsVisible = 0;
			defaultConfigurationName = Release;
		};
		FC6FC0832B98B30F00CA6919 /* Build configuration list for PBXNativeTarget "Gestures_One" */ = {
			isa = XCConfigurationList;
			buildConfigurations = (
				FC6FC0842B98B30F00CA6919 /* Debug */,
				FC6FC0852B98B30F00CA6919 /* Release */,
			);
			defaultConfigurationIsVisible = 0;
			defaultConfigurationName = Release;
		};
		FC6FC0862B98B30F00CA6919 /* Build configuration list for PBXNativeTarget "Gestures_OneTests" */ = {
			isa = XCConfigurationList;
			buildConfigurations = (
				FC6FC0872B98B30F00CA6919 /* Debug */,
				FC6FC0882B98B30F00CA6919 /* Release */,
			);
			defaultConfigurationIsVisible = 0;
			defaultConfigurationName = Release;
		};
		FC6FC0892B98B30F00CA6919 /* Build configuration list for PBXNativeTarget "Gestures_OneUITests" */ = {
			isa = XCConfigurationList;
			buildConfigurations = (
				FC6FC08A2B98B30F00CA6919 /* Debug */,
				FC6FC08B2B98B30F00CA6919 /* Release */,
			);
			defaultConfigurationIsVisible = 0;
			defaultConfigurationName = Release;
		};
/* End XCConfigurationList section */
	};
	rootObject = FC6FC0572B98B30900CA6919 /* Project object */;
}
