// !$*UTF8*$!
{
	archiveVersion = 1;
	classes = {
	};
	objectVersion = 50;
	objects = {

/* Begin PBXBuildFile section */
		EF45E3812BC6CE60003B0165 /* gamedummyApp.swift in Sources */ = {isa = PBXBuildFile; fileRef = EF45E3802BC6CE60003B0165 /* gamedummyApp.swift */; };
		EF45E3832BC6CE60003B0165 /* ContentView.swift in Sources */ = {isa = PBXBuildFile; fileRef = EF45E3822BC6CE60003B0165 /* ContentView.swift */; };
		EF45E3852BC6CE62003B0165 /* Assets.xcassets in Resources */ = {isa = PBXBuildFile; fileRef = EF45E3842BC6CE62003B0165 /* Assets.xcassets */; };
		EF45E3882BC6CE62003B0165 /* Preview Assets.xcassets in Resources */ = {isa = PBXBuildFile; fileRef = EF45E3872BC6CE62003B0165 /* Preview Assets.xcassets */; };
		EF45E3962BC6D33F003B0165 /* ViewStoreModel.swift in Sources */ = {isa = PBXBuildFile; fileRef = EF45E3952BC6D33F003B0165 /* ViewStoreModel.swift */; };
/* End PBXBuildFile section */

/* Begin PBXFileReference section */
		EF45E37D2BC6CE60003B0165 /* gamedummy.app */ = {isa = PBXFileReference; explicitFileType = wrapper.application; includeInIndex = 0; path = gamedummy.app; sourceTree = BUILT_PRODUCTS_DIR; };
		EF45E3802BC6CE60003B0165 /* gamedummyApp.swift */ = {isa = PBXFileReference; lastKnownFileType = sourcecode.swift; path = gamedummyApp.swift; sourceTree = "<group>"; };
		EF45E3822BC6CE60003B0165 /* ContentView.swift */ = {isa = PBXFileReference; lastKnownFileType = sourcecode.swift; path = ContentView.swift; sourceTree = "<group>"; };
		EF45E3842BC6CE62003B0165 /* Assets.xcassets */ = {isa = PBXFileReference; lastKnownFileType = folder.assetcatalog; path = Assets.xcassets; sourceTree = "<group>"; };
		EF45E3872BC6CE62003B0165 /* Preview Assets.xcassets */ = {isa = PBXFileReference; lastKnownFileType = folder.assetcatalog; path = "Preview Assets.xcassets"; sourceTree = "<group>"; };
		EF45E3892BC6CE62003B0165 /* Info.plist */ = {isa = PBXFileReference; lastKnownFileType = text.plist.xml; path = Info.plist; sourceTree = "<group>"; };
		EF45E3952BC6D33F003B0165 /* ViewStoreModel.swift */ = {isa = PBXFileReference; lastKnownFileType = sourcecode.swift; path = ViewStoreModel.swift; sourceTree = "<group>"; };
/* End PBXFileReference section */

/* Begin PBXFrameworksBuildPhase section */
		EF45E37A2BC6CE60003B0165 /* Frameworks */ = {
			isa = PBXFrameworksBuildPhase;
			buildActionMask = 2147483647;
			files = (
			);
			runOnlyForDeploymentPostprocessing = 0;
		};
/* End PBXFrameworksBuildPhase section */

/* Begin PBXGroup section */
		EF45E3742BC6CE60003B0165 = {
			isa = PBXGroup;
			children = (
				EF45E37F2BC6CE60003B0165 /* gamedummy */,
				EF45E37E2BC6CE60003B0165 /* Products */,
			);
			sourceTree = "<group>";
		};
		EF45E37E2BC6CE60003B0165 /* Products */ = {
			isa = PBXGroup;
			children = (
				EF45E37D2BC6CE60003B0165 /* gamedummy.app */,
			);
			name = Products;
			sourceTree = "<group>";
		};
		EF45E37F2BC6CE60003B0165 /* gamedummy */ = {
			isa = PBXGroup;
			children = (
				EF45E3802BC6CE60003B0165 /* gamedummyApp.swift */,
				EF45E3822BC6CE60003B0165 /* ContentView.swift */,
				EF45E3842BC6CE62003B0165 /* Assets.xcassets */,
				EF45E3892BC6CE62003B0165 /* Info.plist */,
				EF45E3862BC6CE62003B0165 /* Preview Content */,
				EF45E3952BC6D33F003B0165 /* ViewStoreModel.swift */,
			);
			path = gamedummy;
			sourceTree = "<group>";
		};
		EF45E3862BC6CE62003B0165 /* Preview Content */ = {
			isa = PBXGroup;
			children = (
				EF45E3872BC6CE62003B0165 /* Preview Assets.xcassets */,
			);
			path = "Preview Content";
			sourceTree = "<group>";
		};
/* End PBXGroup section */

/* Begin PBXNativeTarget section */
		EF45E37C2BC6CE60003B0165 /* gamedummy */ = {
			isa = PBXNativeTarget;
			buildConfigurationList = EF45E38C2BC6CE62003B0165 /* Build configuration list for PBXNativeTarget "gamedummy" */;
			buildPhases = (
				EF45E3792BC6CE60003B0165 /* Sources */,
				EF45E37A2BC6CE60003B0165 /* Frameworks */,
				EF45E37B2BC6CE60003B0165 /* Resources */,
			);
			buildRules = (
			);
			dependencies = (
			);
			name = gamedummy;
			productName = gamedummy;
			productReference = EF45E37D2BC6CE60003B0165 /* gamedummy.app */;
			productType = "com.apple.product-type.application";
		};
/* End PBXNativeTarget section */

/* Begin PBXProject section */
		EF45E3752BC6CE60003B0165 /* Project object */ = {
			isa = PBXProject;
			attributes = {
				LastSwiftUpdateCheck = 1240;
				LastUpgradeCheck = 1240;
				TargetAttributes = {
					EF45E37C2BC6CE60003B0165 = {
						CreatedOnToolsVersion = 12.4;
					};
				};
			};
			buildConfigurationList = EF45E3782BC6CE60003B0165 /* Build configuration list for PBXProject "gamedummy" */;
			compatibilityVersion = "Xcode 9.3";
			developmentRegion = en;
			hasScannedForEncodings = 0;
			knownRegions = (
				en,
				Base,
			);
			mainGroup = EF45E3742BC6CE60003B0165;
			productRefGroup = EF45E37E2BC6CE60003B0165 /* Products */;
			projectDirPath = "";
			projectRoot = "";
			targets = (
				EF45E37C2BC6CE60003B0165 /* gamedummy */,
			);
		};
/* End PBXProject section */

/* Begin PBXResourcesBuildPhase section */
		EF45E37B2BC6CE60003B0165 /* Resources */ = {
			isa = PBXResourcesBuildPhase;
			buildActionMask = 2147483647;
			files = (
				EF45E3882BC6CE62003B0165 /* Preview Assets.xcassets in Resources */,
				EF45E3852BC6CE62003B0165 /* Assets.xcassets in Resources */,
			);
			runOnlyForDeploymentPostprocessing = 0;
		};
/* End PBXResourcesBuildPhase section */

/* Begin PBXSourcesBuildPhase section */
		EF45E3792BC6CE60003B0165 /* Sources */ = {
			isa = PBXSourcesBuildPhase;
			buildActionMask = 2147483647;
			files = (
				EF45E3962BC6D33F003B0165 /* ViewStoreModel.swift in Sources */,
				EF45E3832BC6CE60003B0165 /* ContentView.swift in Sources */,
				EF45E3812BC6CE60003B0165 /* gamedummyApp.swift in Sources */,
			);
			runOnlyForDeploymentPostprocessing = 0;
		};
/* End PBXSourcesBuildPhase section */

/* Begin XCBuildConfiguration section */
		EF45E38A2BC6CE62003B0165 /* Debug */ = {
			isa = XCBuildConfiguration;
			buildSettings = {
				ALWAYS_SEARCH_USER_PATHS = NO;
				CLANG_ANALYZER_NONNULL = YES;
				CLANG_ANALYZER_NUMBER_OBJECT_CONVERSION = YES_AGGRESSIVE;
				CLANG_CXX_LANGUAGE_STANDARD = "gnu++14";
				CLANG_CXX_LIBRARY = "libc++";
				CLANG_ENABLE_MODULES = YES;
				CLANG_ENABLE_OBJC_ARC = YES;
				CLANG_ENABLE_OBJC_WEAK = YES;
				CLANG_WARN_BLOCK_CAPTURE_AUTORELEASING = YES;
				CLANG_WARN_BOOL_CONVERSION = YES;
				CLANG_WARN_COMMA = YES;
				CLANG_WARN_CONSTANT_CONVERSION = YES;
				CLANG_WARN_DEPRECATED_OBJC_IMPLEMENTATIONS = YES;
				CLANG_WARN_DIRECT_OBJC_ISA_USAGE = YES_ERROR;
				CLANG_WARN_DOCUMENTATION_COMMENTS = YES;
				CLANG_WARN_EMPTY_BODY = YES;
				CLANG_WARN_ENUM_CONVERSION = YES;
				CLANG_WARN_INFINITE_RECURSION = YES;
				CLANG_WARN_INT_CONVERSION = YES;
				CLANG_WARN_NON_LITERAL_NULL_CONVERSION = YES;
				CLANG_WARN_OBJC_IMPLICIT_RETAIN_SELF = YES;
				CLANG_WARN_OBJC_LITERAL_CONVERSION = YES;
				CLANG_WARN_OBJC_ROOT_CLASS = YES_ERROR;
				CLANG_WARN_QUOTED_INCLUDE_IN_FRAMEWORK_HEADER = YES;
				CLANG_WARN_RANGE_LOOP_ANALYSIS = YES;
				CLANG_WARN_STRICT_PROTOTYPES = YES;
				CLANG_WARN_SUSPICIOUS_MOVE = YES;
				CLANG_WARN_UNGUARDED_AVAILABILITY = YES_AGGRESSIVE;
				CLANG_WARN_UNREACHABLE_CODE = YES;
				CLANG_WARN__DUPLICATE_METHOD_MATCH = YES;
				COPY_PHASE_STRIP = NO;
				DEBUG_INFORMATION_FORMAT = dwarf;
				ENABLE_STRICT_OBJC_MSGSEND = YES;
				ENABLE_TESTABILITY = YES;
				GCC_C_LANGUAGE_STANDARD = gnu11;
				GCC_DYNAMIC_NO_PIC = NO;
				GCC_NO_COMMON_BLOCKS = YES;
				GCC_OPTIMIZATION_LEVEL = 0;
				GCC_PREPROCESSOR_DEFINITIONS = (
					"DEBUG=1",
					"$(inherited)",
				);
				GCC_WARN_64_TO_32_BIT_CONVERSION = YES;
				GCC_WARN_ABOUT_RETURN_TYPE = YES_ERROR;
				GCC_WARN_UNDECLARED_SELECTOR = YES;
				GCC_WARN_UNINITIALIZED_AUTOS = YES_AGGRESSIVE;
				GCC_WARN_UNUSED_FUNCTION = YES;
				GCC_WARN_UNUSED_VARIABLE = YES;
				IPHONEOS_DEPLOYMENT_TARGET = 14.4;
				MTL_ENABLE_DEBUG_INFO = INCLUDE_SOURCE;
				MTL_FAST_MATH = YES;
				ONLY_ACTIVE_ARCH = YES;
				SDKROOT = iphoneos;
				SWIFT_ACTIVE_COMPILATION_CONDITIONS = DEBUG;
				SWIFT_OPTIMIZATION_LEVEL = "-Onone";
			};
			name = Debug;
		};
		EF45E38B2BC6CE62003B0165 /* Release */ = {
			isa = XCBuildConfiguration;
			buildSettings = {
				ALWAYS_SEARCH_USER_PATHS = NO;
				CLANG_ANALYZER_NONNULL = YES;
				CLANG_ANALYZER_NUMBER_OBJECT_CONVERSION = YES_AGGRESSIVE;
				CLANG_CXX_LANGUAGE_STANDARD = "gnu++14";
				CLANG_CXX_LIBRARY = "libc++";
				CLANG_ENABLE_MODULES = YES;
				CLANG_ENABLE_OBJC_ARC = YES;
				CLANG_ENABLE_OBJC_WEAK = YES;
				CLANG_WARN_BLOCK_CAPTURE_AUTORELEASING = YES;
				CLANG_WARN_BOOL_CONVERSION = YES;
				CLANG_WARN_COMMA = YES;
				CLANG_WARN_CONSTANT_CONVERSION = YES;
				CLANG_WARN_DEPRECATED_OBJC_IMPLEMENTATIONS = YES;
				CLANG_WARN_DIRECT_OBJC_ISA_USAGE = YES_ERROR;
				CLANG_WARN_DOCUMENTATION_COMMENTS = YES;
				CLANG_WARN_EMPTY_BODY = YES;
				CLANG_WARN_ENUM_CONVERSION = YES;
				CLANG_WARN_INFINITE_RECURSION = YES;
				CLANG_WARN_INT_CONVERSION = YES;
				CLANG_WARN_NON_LITERAL_NULL_CONVERSION = YES;
				CLANG_WARN_OBJC_IMPLICIT_RETAIN_SELF = YES;
				CLANG_WARN_OBJC_LITERAL_CONVERSION = YES;
				CLANG_WARN_OBJC_ROOT_CLASS = YES_ERROR;
				CLANG_WARN_QUOTED_INCLUDE_IN_FRAMEWORK_HEADER = YES;
				CLANG_WARN_RANGE_LOOP_ANALYSIS = YES;
				CLANG_WARN_STRICT_PROTOTYPES = YES;
				CLANG_WARN_SUSPICIOUS_MOVE = YES;
				CLANG_WARN_UNGUARDED_AVAILABILITY = YES_AGGRESSIVE;
				CLANG_WARN_UNREACHABLE_CODE = YES;
				CLANG_WARN__DUPLICATE_METHOD_MATCH = YES;
				COPY_PHASE_STRIP = NO;
				DEBUG_INFORMATION_FORMAT = "dwarf-with-dsym";
				ENABLE_NS_ASSERTIONS = NO;
				ENABLE_STRICT_OBJC_MSGSEND = YES;
				GCC_C_LANGUAGE_STANDARD = gnu11;
				GCC_NO_COMMON_BLOCKS = YES;
				GCC_WARN_64_TO_32_BIT_CONVERSION = YES;
				GCC_WARN_ABOUT_RETURN_TYPE = YES_ERROR;
				GCC_WARN_UNDECLARED_SELECTOR = YES;
				GCC_WARN_UNINITIALIZED_AUTOS = YES_AGGRESSIVE;
				GCC_WARN_UNUSED_FUNCTION = YES;
				GCC_WARN_UNUSED_VARIABLE = YES;
				IPHONEOS_DEPLOYMENT_TARGET = 14.4;
				MTL_ENABLE_DEBUG_INFO = NO;
				MTL_FAST_MATH = YES;
				SDKROOT = iphoneos;
				SWIFT_COMPILATION_MODE = wholemodule;
				SWIFT_OPTIMIZATION_LEVEL = "-O";
				VALIDATE_PRODUCT = YES;
			};
			name = Release;
		};
		EF45E38D2BC6CE62003B0165 /* Debug */ = {
			isa = XCBuildConfiguration;
			buildSettings = {
				ASSETCATALOG_COMPILER_APPICON_NAME = AppIcon;
				ASSETCATALOG_COMPILER_GLOBAL_ACCENT_COLOR_NAME = AccentColor;
				CODE_SIGN_STYLE = Automatic;
				DEVELOPMENT_ASSET_PATHS = "\"gamedummy/Preview Content\"";
				ENABLE_PREVIEWS = YES;
				INFOPLIST_FILE = gamedummy/Info.plist;
				IPHONEOS_DEPLOYMENT_TARGET = 14.0;
				LD_RUNPATH_SEARCH_PATHS = (
					"$(inherited)",
					"@executable_path/Frameworks",
				);
				PRODUCT_BUNDLE_IDENTIFIER = lasalle.edu.gamedummy;
				PRODUCT_NAME = "$(TARGET_NAME)";
				SWIFT_VERSION = 5.0;
				TARGETED_DEVICE_FAMILY = "1,2";
			};
			name = Debug;
		};
		EF45E38E2BC6CE62003B0165 /* Release */ = {
			isa = XCBuildConfiguration;
			buildSettings = {
				ASSETCATALOG_COMPILER_APPICON_NAME = AppIcon;
				ASSETCATALOG_COMPILER_GLOBAL_ACCENT_COLOR_NAME = AccentColor;
				CODE_SIGN_STYLE = Automatic;
				DEVELOPMENT_ASSET_PATHS = "\"gamedummy/Preview Content\"";
				ENABLE_PREVIEWS = YES;
				INFOPLIST_FILE = gamedummy/Info.plist;
				IPHONEOS_DEPLOYMENT_TARGET = 14.0;
				LD_RUNPATH_SEARCH_PATHS = (
					"$(inherited)",
					"@executable_path/Frameworks",
				);
				PRODUCT_BUNDLE_IDENTIFIER = lasalle.edu.gamedummy;
				PRODUCT_NAME = "$(TARGET_NAME)";
				SWIFT_VERSION = 5.0;
				TARGETED_DEVICE_FAMILY = "1,2";
			};
			name = Release;
		};
/* End XCBuildConfiguration section */

/* Begin XCConfigurationList section */
		EF45E3782BC6CE60003B0165 /* Build configuration list for PBXProject "gamedummy" */ = {
			isa = XCConfigurationList;
			buildConfigurations = (
				EF45E38A2BC6CE62003B0165 /* Debug */,
				EF45E38B2BC6CE62003B0165 /* Release */,
			);
			defaultConfigurationIsVisible = 0;
			defaultConfigurationName = Release;
		};
		EF45E38C2BC6CE62003B0165 /* Build configuration list for PBXNativeTarget "gamedummy" */ = {
			isa = XCConfigurationList;
			buildConfigurations = (
				EF45E38D2BC6CE62003B0165 /* Debug */,
				EF45E38E2BC6CE62003B0165 /* Release */,
			);
			defaultConfigurationIsVisible = 0;
			defaultConfigurationName = Release;
		};
/* End XCConfigurationList section */
	};
	rootObject = EF45E3752BC6CE60003B0165 /* Project object */;
}
