// !$*UTF8*$!
{
	archiveVersion = 1;
	classes = {
	};
	objectVersion = 50;
	objects = {

/* Begin PBXBuildFile section */
		EF13126D2819749D00061056 /* FrameByFrameMVVMApp.swift in Sources */ = {isa = PBXBuildFile; fileRef = EF13126C2819749D00061056 /* FrameByFrameMVVMApp.swift */; };
		EF13126F2819749D00061056 /* ContentView.swift in Sources */ = {isa = PBXBuildFile; fileRef = EF13126E2819749D00061056 /* ContentView.swift */; };
		EF1312712819749E00061056 /* Assets.xcassets in Resources */ = {isa = PBXBuildFile; fileRef = EF1312702819749E00061056 /* Assets.xcassets */; };
		EF1312742819749E00061056 /* Preview Assets.xcassets in Resources */ = {isa = PBXBuildFile; fileRef = EF1312732819749E00061056 /* Preview Assets.xcassets */; };
		EF131286281974C600061056 /* Sprite.swift in Sources */ = {isa = PBXBuildFile; fileRef = EF131283281974C600061056 /* Sprite.swift */; };
		EF131287281974C600061056 /* Obstacle.swift in Sources */ = {isa = PBXBuildFile; fileRef = EF131284281974C600061056 /* Obstacle.swift */; };
		EF131288281974C600061056 /* Player.swift in Sources */ = {isa = PBXBuildFile; fileRef = EF131285281974C600061056 /* Player.swift */; };
		EF13128D281974F500061056 /* ViewModel.swift in Sources */ = {isa = PBXBuildFile; fileRef = EF13128C281974F500061056 /* ViewModel.swift */; };
/* End PBXBuildFile section */

/* Begin PBXFileReference section */
		EF1312692819749D00061056 /* FrameByFrameMVVM.app */ = {isa = PBXFileReference; explicitFileType = wrapper.application; includeInIndex = 0; path = FrameByFrameMVVM.app; sourceTree = BUILT_PRODUCTS_DIR; };
		EF13126C2819749D00061056 /* FrameByFrameMVVMApp.swift */ = {isa = PBXFileReference; lastKnownFileType = sourcecode.swift; path = FrameByFrameMVVMApp.swift; sourceTree = "<group>"; };
		EF13126E2819749D00061056 /* ContentView.swift */ = {isa = PBXFileReference; lastKnownFileType = sourcecode.swift; path = ContentView.swift; sourceTree = "<group>"; };
		EF1312702819749E00061056 /* Assets.xcassets */ = {isa = PBXFileReference; lastKnownFileType = folder.assetcatalog; path = Assets.xcassets; sourceTree = "<group>"; };
		EF1312732819749E00061056 /* Preview Assets.xcassets */ = {isa = PBXFileReference; lastKnownFileType = folder.assetcatalog; path = "Preview Assets.xcassets"; sourceTree = "<group>"; };
		EF1312752819749E00061056 /* Info.plist */ = {isa = PBXFileReference; lastKnownFileType = text.plist.xml; path = Info.plist; sourceTree = "<group>"; };
		EF131283281974C600061056 /* Sprite.swift */ = {isa = PBXFileReference; fileEncoding = 4; lastKnownFileType = sourcecode.swift; path = Sprite.swift; sourceTree = "<group>"; };
		EF131284281974C600061056 /* Obstacle.swift */ = {isa = PBXFileReference; fileEncoding = 4; lastKnownFileType = sourcecode.swift; path = Obstacle.swift; sourceTree = "<group>"; };
		EF131285281974C600061056 /* Player.swift */ = {isa = PBXFileReference; fileEncoding = 4; lastKnownFileType = sourcecode.swift; path = Player.swift; sourceTree = "<group>"; };
		EF13128C281974F500061056 /* ViewModel.swift */ = {isa = PBXFileReference; lastKnownFileType = sourcecode.swift; path = ViewModel.swift; sourceTree = "<group>"; };
/* End PBXFileReference section */

/* Begin PBXFrameworksBuildPhase section */
		EF1312662819749D00061056 /* Frameworks */ = {
			isa = PBXFrameworksBuildPhase;
			buildActionMask = 2147483647;
			files = (
			);
			runOnlyForDeploymentPostprocessing = 0;
		};
/* End PBXFrameworksBuildPhase section */

/* Begin PBXGroup section */
		EF1312602819749D00061056 = {
			isa = PBXGroup;
			children = (
				EF13126B2819749D00061056 /* FrameByFrameMVVM */,
				EF13126A2819749D00061056 /* Products */,
			);
			sourceTree = "<group>";
		};
		EF13126A2819749D00061056 /* Products */ = {
			isa = PBXGroup;
			children = (
				EF1312692819749D00061056 /* FrameByFrameMVVM.app */,
			);
			name = Products;
			sourceTree = "<group>";
		};
		EF13126B2819749D00061056 /* FrameByFrameMVVM */ = {
			isa = PBXGroup;
			children = (
				EF13126C2819749D00061056 /* FrameByFrameMVVMApp.swift */,
				EF13128A281974CE00061056 /* Model */,
				EF1312922819760900061056 /* View */,
				EF131290281974FD00061056 /* ViewModel */,
				EF1312702819749E00061056 /* Assets.xcassets */,
				EF1312752819749E00061056 /* Info.plist */,
				EF1312722819749E00061056 /* Preview Content */,
			);
			path = FrameByFrameMVVM;
			sourceTree = "<group>";
		};
		EF1312722819749E00061056 /* Preview Content */ = {
			isa = PBXGroup;
			children = (
				EF1312732819749E00061056 /* Preview Assets.xcassets */,
			);
			path = "Preview Content";
			sourceTree = "<group>";
		};
		EF13128A281974CE00061056 /* Model */ = {
			isa = PBXGroup;
			children = (
				EF131284281974C600061056 /* Obstacle.swift */,
				EF131285281974C600061056 /* Player.swift */,
				EF131283281974C600061056 /* Sprite.swift */,
			);
			path = Model;
			sourceTree = "<group>";
		};
		EF131290281974FD00061056 /* ViewModel */ = {
			isa = PBXGroup;
			children = (
				EF13128C281974F500061056 /* ViewModel.swift */,
			);
			path = ViewModel;
			sourceTree = "<group>";
		};
		EF1312922819760900061056 /* View */ = {
			isa = PBXGroup;
			children = (
				EF13126E2819749D00061056 /* ContentView.swift */,
			);
			path = View;
			sourceTree = "<group>";
		};
/* End PBXGroup section */

/* Begin PBXNativeTarget section */
		EF1312682819749D00061056 /* FrameByFrameMVVM */ = {
			isa = PBXNativeTarget;
			buildConfigurationList = EF1312782819749E00061056 /* Build configuration list for PBXNativeTarget "FrameByFrameMVVM" */;
			buildPhases = (
				EF1312652819749D00061056 /* Sources */,
				EF1312662819749D00061056 /* Frameworks */,
				EF1312672819749D00061056 /* Resources */,
			);
			buildRules = (
			);
			dependencies = (
			);
			name = FrameByFrameMVVM;
			productName = FrameByFrameMVVM;
			productReference = EF1312692819749D00061056 /* FrameByFrameMVVM.app */;
			productType = "com.apple.product-type.application";
		};
/* End PBXNativeTarget section */

/* Begin PBXProject section */
		EF1312612819749D00061056 /* Project object */ = {
			isa = PBXProject;
			attributes = {
				LastSwiftUpdateCheck = 1240;
				LastUpgradeCheck = 1240;
				TargetAttributes = {
					EF1312682819749D00061056 = {
						CreatedOnToolsVersion = 12.4;
					};
				};
			};
			buildConfigurationList = EF1312642819749D00061056 /* Build configuration list for PBXProject "FrameByFrameMVVM" */;
			compatibilityVersion = "Xcode 9.3";
			developmentRegion = en;
			hasScannedForEncodings = 0;
			knownRegions = (
				en,
				Base,
			);
			mainGroup = EF1312602819749D00061056;
			productRefGroup = EF13126A2819749D00061056 /* Products */;
			projectDirPath = "";
			projectRoot = "";
			targets = (
				EF1312682819749D00061056 /* FrameByFrameMVVM */,
			);
		};
/* End PBXProject section */

/* Begin PBXResourcesBuildPhase section */
		EF1312672819749D00061056 /* Resources */ = {
			isa = PBXResourcesBuildPhase;
			buildActionMask = 2147483647;
			files = (
				EF1312742819749E00061056 /* Preview Assets.xcassets in Resources */,
				EF1312712819749E00061056 /* Assets.xcassets in Resources */,
			);
			runOnlyForDeploymentPostprocessing = 0;
		};
/* End PBXResourcesBuildPhase section */

/* Begin PBXSourcesBuildPhase section */
		EF1312652819749D00061056 /* Sources */ = {
			isa = PBXSourcesBuildPhase;
			buildActionMask = 2147483647;
			files = (
				EF13126F2819749D00061056 /* ContentView.swift in Sources */,
				EF131286281974C600061056 /* Sprite.swift in Sources */,
				EF131287281974C600061056 /* Obstacle.swift in Sources */,
				EF131288281974C600061056 /* Player.swift in Sources */,
				EF13128D281974F500061056 /* ViewModel.swift in Sources */,
				EF13126D2819749D00061056 /* FrameByFrameMVVMApp.swift in Sources */,
			);
			runOnlyForDeploymentPostprocessing = 0;
		};
/* End PBXSourcesBuildPhase section */

/* Begin XCBuildConfiguration section */
		EF1312762819749E00061056 /* Debug */ = {
			isa = XCBuildConfiguration;
			buildSettings = {
				ALWAYS_SEARCH_USER_PATHS = NO;
				CLANG_ANALYZER_NONNULL = YES;
				CLANG_ANALYZER_NUMBER_OBJECT_CONVERSION = YES_AGGRESSIVE;
				CLANG_CXX_LANGUAGE_STANDARD = "gnu++14";
				CLANG_CXX_LIBRARY = "libc++";
				CLANG_ENABLE_MODULES = YES;
				CLANG_ENABLE_OBJC_ARC = YES;
				CLANG_ENABLE_OBJC_WEAK = YES;
				CLANG_WARN_BLOCK_CAPTURE_AUTORELEASING = YES;
				CLANG_WARN_BOOL_CONVERSION = YES;
				CLANG_WARN_COMMA = YES;
				CLANG_WARN_CONSTANT_CONVERSION = YES;
				CLANG_WARN_DEPRECATED_OBJC_IMPLEMENTATIONS = YES;
				CLANG_WARN_DIRECT_OBJC_ISA_USAGE = YES_ERROR;
				CLANG_WARN_DOCUMENTATION_COMMENTS = YES;
				CLANG_WARN_EMPTY_BODY = YES;
				CLANG_WARN_ENUM_CONVERSION = YES;
				CLANG_WARN_INFINITE_RECURSION = YES;
				CLANG_WARN_INT_CONVERSION = YES;
				CLANG_WARN_NON_LITERAL_NULL_CONVERSION = YES;
				CLANG_WARN_OBJC_IMPLICIT_RETAIN_SELF = YES;
				CLANG_WARN_OBJC_LITERAL_CONVERSION = YES;
				CLANG_WARN_OBJC_ROOT_CLASS = YES_ERROR;
				CLANG_WARN_QUOTED_INCLUDE_IN_FRAMEWORK_HEADER = YES;
				CLANG_WARN_RANGE_LOOP_ANALYSIS = YES;
				CLANG_WARN_STRICT_PROTOTYPES = YES;
				CLANG_WARN_SUSPICIOUS_MOVE = YES;
				CLANG_WARN_UNGUARDED_AVAILABILITY = YES_AGGRESSIVE;
				CLANG_WARN_UNREACHABLE_CODE = YES;
				CLANG_WARN__DUPLICATE_METHOD_MATCH = YES;
				COPY_PHASE_STRIP = NO;
				DEBUG_INFORMATION_FORMAT = dwarf;
				ENABLE_STRICT_OBJC_MSGSEND = YES;
				ENABLE_TESTABILITY = YES;
				GCC_C_LANGUAGE_STANDARD = gnu11;
				GCC_DYNAMIC_NO_PIC = NO;
				GCC_NO_COMMON_BLOCKS = YES;
				GCC_OPTIMIZATION_LEVEL = 0;
				GCC_PREPROCESSOR_DEFINITIONS = (
					"DEBUG=1",
					"$(inherited)",
				);
				GCC_WARN_64_TO_32_BIT_CONVERSION = YES;
				GCC_WARN_ABOUT_RETURN_TYPE = YES_ERROR;
				GCC_WARN_UNDECLARED_SELECTOR = YES;
				GCC_WARN_UNINITIALIZED_AUTOS = YES_AGGRESSIVE;
				GCC_WARN_UNUSED_FUNCTION = YES;
				GCC_WARN_UNUSED_VARIABLE = YES;
				IPHONEOS_DEPLOYMENT_TARGET = 14.4;
				MTL_ENABLE_DEBUG_INFO = INCLUDE_SOURCE;
				MTL_FAST_MATH = YES;
				ONLY_ACTIVE_ARCH = YES;
				SDKROOT = iphoneos;
				SWIFT_ACTIVE_COMPILATION_CONDITIONS = DEBUG;
				SWIFT_OPTIMIZATION_LEVEL = "-Onone";
			};
			name = Debug;
		};
		EF1312772819749E00061056 /* Release */ = {
			isa = XCBuildConfiguration;
			buildSettings = {
				ALWAYS_SEARCH_USER_PATHS = NO;
				CLANG_ANALYZER_NONNULL = YES;
				CLANG_ANALYZER_NUMBER_OBJECT_CONVERSION = YES_AGGRESSIVE;
				CLANG_CXX_LANGUAGE_STANDARD = "gnu++14";
				CLANG_CXX_LIBRARY = "libc++";
				CLANG_ENABLE_MODULES = YES;
				CLANG_ENABLE_OBJC_ARC = YES;
				CLANG_ENABLE_OBJC_WEAK = YES;
				CLANG_WARN_BLOCK_CAPTURE_AUTORELEASING = YES;
				CLANG_WARN_BOOL_CONVERSION = YES;
				CLANG_WARN_COMMA = YES;
				CLANG_WARN_CONSTANT_CONVERSION = YES;
				CLANG_WARN_DEPRECATED_OBJC_IMPLEMENTATIONS = YES;
				CLANG_WARN_DIRECT_OBJC_ISA_USAGE = YES_ERROR;
				CLANG_WARN_DOCUMENTATION_COMMENTS = YES;
				CLANG_WARN_EMPTY_BODY = YES;
				CLANG_WARN_ENUM_CONVERSION = YES;
				CLANG_WARN_INFINITE_RECURSION = YES;
				CLANG_WARN_INT_CONVERSION = YES;
				CLANG_WARN_NON_LITERAL_NULL_CONVERSION = YES;
				CLANG_WARN_OBJC_IMPLICIT_RETAIN_SELF = YES;
				CLANG_WARN_OBJC_LITERAL_CONVERSION = YES;
				CLANG_WARN_OBJC_ROOT_CLASS = YES_ERROR;
				CLANG_WARN_QUOTED_INCLUDE_IN_FRAMEWORK_HEADER = YES;
				CLANG_WARN_RANGE_LOOP_ANALYSIS = YES;
				CLANG_WARN_STRICT_PROTOTYPES = YES;
				CLANG_WARN_SUSPICIOUS_MOVE = YES;
				CLANG_WARN_UNGUARDED_AVAILABILITY = YES_AGGRESSIVE;
				CLANG_WARN_UNREACHABLE_CODE = YES;
				CLANG_WARN__DUPLICATE_METHOD_MATCH = YES;
				COPY_PHASE_STRIP = NO;
				DEBUG_INFORMATION_FORMAT = "dwarf-with-dsym";
				ENABLE_NS_ASSERTIONS = NO;
				ENABLE_STRICT_OBJC_MSGSEND = YES;
				GCC_C_LANGUAGE_STANDARD = gnu11;
				GCC_NO_COMMON_BLOCKS = YES;
				GCC_WARN_64_TO_32_BIT_CONVERSION = YES;
				GCC_WARN_ABOUT_RETURN_TYPE = YES_ERROR;
				GCC_WARN_UNDECLARED_SELECTOR = YES;
				GCC_WARN_UNINITIALIZED_AUTOS = YES_AGGRESSIVE;
				GCC_WARN_UNUSED_FUNCTION = YES;
				GCC_WARN_UNUSED_VARIABLE = YES;
				IPHONEOS_DEPLOYMENT_TARGET = 14.4;
				MTL_ENABLE_DEBUG_INFO = NO;
				MTL_FAST_MATH = YES;
				SDKROOT = iphoneos;
				SWIFT_COMPILATION_MODE = wholemodule;
				SWIFT_OPTIMIZATION_LEVEL = "-O";
				VALIDATE_PRODUCT = YES;
			};
			name = Release;
		};
		EF1312792819749E00061056 /* Debug */ = {
			isa = XCBuildConfiguration;
			buildSettings = {
				ASSETCATALOG_COMPILER_APPICON_NAME = AppIcon;
				ASSETCATALOG_COMPILER_GLOBAL_ACCENT_COLOR_NAME = AccentColor;
				CODE_SIGN_STYLE = Automatic;
				DEVELOPMENT_ASSET_PATHS = "\"FrameByFrameMVVM/Preview Content\"";
				ENABLE_PREVIEWS = YES;
				INFOPLIST_FILE = FrameByFrameMVVM/Info.plist;
				IPHONEOS_DEPLOYMENT_TARGET = 14.0;
				LD_RUNPATH_SEARCH_PATHS = (
					"$(inherited)",
					"@executable_path/Frameworks",
				);
				PRODUCT_BUNDLE_IDENTIFIER = lasalle.edu.icb0008.FrameByFrameMVVM;
				PRODUCT_NAME = "$(TARGET_NAME)";
				SWIFT_VERSION = 5.0;
				TARGETED_DEVICE_FAMILY = "1,2";
			};
			name = Debug;
		};
		EF13127A2819749E00061056 /* Release */ = {
			isa = XCBuildConfiguration;
			buildSettings = {
				ASSETCATALOG_COMPILER_APPICON_NAME = AppIcon;
				ASSETCATALOG_COMPILER_GLOBAL_ACCENT_COLOR_NAME = AccentColor;
				CODE_SIGN_STYLE = Automatic;
				DEVELOPMENT_ASSET_PATHS = "\"FrameByFrameMVVM/Preview Content\"";
				ENABLE_PREVIEWS = YES;
				INFOPLIST_FILE = FrameByFrameMVVM/Info.plist;
				IPHONEOS_DEPLOYMENT_TARGET = 14.0;
				LD_RUNPATH_SEARCH_PATHS = (
					"$(inherited)",
					"@executable_path/Frameworks",
				);
				PRODUCT_BUNDLE_IDENTIFIER = lasalle.edu.icb0008.FrameByFrameMVVM;
				PRODUCT_NAME = "$(TARGET_NAME)";
				SWIFT_VERSION = 5.0;
				TARGETED_DEVICE_FAMILY = "1,2";
			};
			name = Release;
		};
/* End XCBuildConfiguration section */

/* Begin XCConfigurationList section */
		EF1312642819749D00061056 /* Build configuration list for PBXProject "FrameByFrameMVVM" */ = {
			isa = XCConfigurationList;
			buildConfigurations = (
				EF1312762819749E00061056 /* Debug */,
				EF1312772819749E00061056 /* Release */,
			);
			defaultConfigurationIsVisible = 0;
			defaultConfigurationName = Release;
		};
		EF1312782819749E00061056 /* Build configuration list for PBXNativeTarget "FrameByFrameMVVM" */ = {
			isa = XCConfigurationList;
			buildConfigurations = (
				EF1312792819749E00061056 /* Debug */,
				EF13127A2819749E00061056 /* Release */,
			);
			defaultConfigurationIsVisible = 0;
			defaultConfigurationName = Release;
		};
/* End XCConfigurationList section */
	};
	rootObject = EF1312612819749D00061056 /* Project object */;
}
